
Microsoft Visual Studio Solution File, Format Version 12.00
# Visual Studio Version 16
VisualStudioVersion = 16.0.30523.141
MinimumVisualStudioVersion = 10.0.40219.1
Project("{9A19103F-16F7-4668-BE54-9A1E7A4F7556}") = "MTCG_Project", "MTCG_Project.csproj", "{AF226CC1-6708-48CC-B4DB-4B57FD8C4B62}"
EndProject
Project("{FAE04EC0-301F-11D3-BF4B-00C04F79EFBC}") = "MTCG_Project.Test", "..\MTCG_Project.Test\MTCG_Project.Test.csproj", "{98ECCD84-59A2-4C7D-8986-1C2960B8E12F}"
EndProject
Global
	GlobalSection(SolutionConfigurationPlatforms) = preSolution
		Debug|Any CPU = Debug|Any CPU
		Release|Any CPU = Release|Any CPU
	EndGlobalSection
	GlobalSection(ProjectConfigurationPlatforms) = postSolution
		{AF226CC1-6708-48CC-B4DB-4B57FD8C4B62}.Debug|Any CPU.ActiveCfg = Debug|Any CPU
		{AF226CC1-6708-48CC-B4DB-4B57FD8C4B62}.Debug|Any CPU.Build.0 = Debug|Any CPU
		{AF226CC1-6708-48CC-B4DB-4B57FD8C4B62}.Release|Any CPU.ActiveCfg = Release|Any CPU
		{AF226CC1-6708-48CC-B4DB-4B57FD8C4B62}.Release|Any CPU.Build.0 = Release|Any CPU
		{98ECCD84-59A2-4C7D-8986-1C2960B8E12F}.Debug|Any CPU.ActiveCfg = Debug|Any CPU
		{98ECCD84-59A2-4C7D-8986-1C2960B8E12F}.Debug|Any CPU.Build.0 = Debug|Any CPU
		{98ECCD84-59A2-4C7D-8986-1C2960B8E12F}.Release|Any CPU.ActiveCfg = Release|Any CPU
		{98ECCD84-59A2-4C7D-8986-1C2960B8E12F}.Release|Any CPU.Build.0 = Release|Any CPU
	EndGlobalSection
	GlobalSection(SolutionProperties) = preSolution
		HideSolutionNode = FALSE
	EndGlobalSection
	GlobalSection(ExtensibilityGlobals) = postSolution
		SolutionGuid = {AC9BC457-79FB-430F-86FF-B442957A6DCB}
	EndGlobalSection
EndGlobal
