
Microsoft Visual Studio Solution File, Format Version 12.00
# Visual Studio Version 16
VisualStudioVersion = 16.0.30523.141
MinimumVisualStudioVersion = 10.0.40219.1
Project("{9A19103F-16F7-4668-BE54-9A1E7A4F7556}") = "MTCG_Project.Test", "MTCG_Project.Test.csproj", "{8C30D061-2A09-4EFB-8960-55E4E8A1BB07}"
EndProject
Global
	GlobalSection(SolutionConfigurationPlatforms) = preSolution
		Debug|Any CPU = Debug|Any CPU
		Release|Any CPU = Release|Any CPU
	EndGlobalSection
	GlobalSection(ProjectConfigurationPlatforms) = postSolution
		{8C30D061-2A09-4EFB-8960-55E4E8A1BB07}.Debug|Any CPU.ActiveCfg = Debug|Any CPU
		{8C30D061-2A09-4EFB-8960-55E4E8A1BB07}.Debug|Any CPU.Build.0 = Debug|Any CPU
		{8C30D061-2A09-4EFB-8960-55E4E8A1BB07}.Release|Any CPU.ActiveCfg = Release|Any CPU
		{8C30D061-2A09-4EFB-8960-55E4E8A1BB07}.Release|Any CPU.Build.0 = Release|Any CPU
	EndGlobalSection
	GlobalSection(SolutionProperties) = preSolution
		HideSolutionNode = FALSE
	EndGlobalSection
	GlobalSection(ExtensibilityGlobals) = postSolution
		SolutionGuid = {57D19386-F996-46C5-8754-FEFA13CD72FB}
	EndGlobalSection
EndGlobal
