
Microsoft Visual Studio Solution File, Format Version 12.00
# Visual Studio Version 16
VisualStudioVersion = 16.0.30523.141
MinimumVisualStudioVersion = 10.0.40219.1
Project("{FAE04EC0-301F-11D3-BF4B-00C04F79EFBC}") = "MCTG_Project.Test", "MCTG_Project.Test.csproj", "{F1F44737-EFE7-4ADB-85A2-425F0CFA9F7D}"
EndProject
Global
	GlobalSection(SolutionConfigurationPlatforms) = preSolution
		Debug|Any CPU = Debug|Any CPU
		Release|Any CPU = Release|Any CPU
	EndGlobalSection
	GlobalSection(ProjectConfigurationPlatforms) = postSolution
		{F1F44737-EFE7-4ADB-85A2-425F0CFA9F7D}.Debug|Any CPU.ActiveCfg = Debug|Any CPU
		{F1F44737-EFE7-4ADB-85A2-425F0CFA9F7D}.Debug|Any CPU.Build.0 = Debug|Any CPU
		{F1F44737-EFE7-4ADB-85A2-425F0CFA9F7D}.Release|Any CPU.ActiveCfg = Release|Any CPU
		{F1F44737-EFE7-4ADB-85A2-425F0CFA9F7D}.Release|Any CPU.Build.0 = Release|Any CPU
	EndGlobalSection
	GlobalSection(SolutionProperties) = preSolution
		HideSolutionNode = FALSE
	EndGlobalSection
	GlobalSection(ExtensibilityGlobals) = postSolution
		SolutionGuid = {C2E3B91D-C97C-4B16-A135-9038D9EEAFB3}
	EndGlobalSection
EndGlobal
